
Microsoft Visual Studio Solution File, Format Version 12.00
# Visual Studio Version 17
VisualStudioVersion = 17.0.31903.59
MinimumVisualStudioVersion = 10.0.40219.1
Project("{2150E333-8FDC-42A3-9474-1A3956D46DE8}") = "src", "src", "{827E0CD3-B72D-47B6-A68D-7590B98EB39B}"
EndProject
Project("{FAE04EC0-301F-11D3-BF4B-00C04F79EFBC}") = "AuctionService", "src\AuctionService\AuctionService.csproj", "{1C2EBF55-8713-46B3-86BD-4C0584DDDD93}"
EndProject
Project("{FAE04EC0-301F-11D3-BF4B-00C04F79EFBC}") = "SearchService", "src\SearchService\SearchService.csproj", "{29E004BD-E7E9-4BEC-B29B-96FB152F358D}"
EndProject
Project("{FAE04EC0-301F-11D3-BF4B-00C04F79EFBC}") = "Contracts", "src\Contracts\Contracts.csproj", "{69ECE169-49EC-427A-B7F6-AB83F21922E4}"
EndProject
Project("{FAE04EC0-301F-11D3-BF4B-00C04F79EFBC}") = "IdentityService", "src\IdentityService\IdentityService.csproj", "{970C9493-DD26-4C20-B9DD-6D9A158917DB}"
EndProject
Project("{FAE04EC0-301F-11D3-BF4B-00C04F79EFBC}") = "GatewayService", "src\GatewayService\GatewayService.csproj", "{B8C761C9-F027-4F4E-BC9D-457AFCA2E280}"
EndProject
Global
	GlobalSection(SolutionConfigurationPlatforms) = preSolution
		Debug|Any CPU = Debug|Any CPU
		Debug|x64 = Debug|x64
		Debug|x86 = Debug|x86
		Release|Any CPU = Release|Any CPU
		Release|x64 = Release|x64
		Release|x86 = Release|x86
	EndGlobalSection
	GlobalSection(ProjectConfigurationPlatforms) = postSolution
		{1C2EBF55-8713-46B3-86BD-4C0584DDDD93}.Debug|Any CPU.ActiveCfg = Debug|Any CPU
		{1C2EBF55-8713-46B3-86BD-4C0584DDDD93}.Debug|Any CPU.Build.0 = Debug|Any CPU
		{1C2EBF55-8713-46B3-86BD-4C0584DDDD93}.Debug|x64.ActiveCfg = Debug|Any CPU
		{1C2EBF55-8713-46B3-86BD-4C0584DDDD93}.Debug|x64.Build.0 = Debug|Any CPU
		{1C2EBF55-8713-46B3-86BD-4C0584DDDD93}.Debug|x86.ActiveCfg = Debug|Any CPU
		{1C2EBF55-8713-46B3-86BD-4C0584DDDD93}.Debug|x86.Build.0 = Debug|Any CPU
		{1C2EBF55-8713-46B3-86BD-4C0584DDDD93}.Release|Any CPU.ActiveCfg = Release|Any CPU
		{1C2EBF55-8713-46B3-86BD-4C0584DDDD93}.Release|Any CPU.Build.0 = Release|Any CPU
		{1C2EBF55-8713-46B3-86BD-4C0584DDDD93}.Release|x64.ActiveCfg = Release|Any CPU
		{1C2EBF55-8713-46B3-86BD-4C0584DDDD93}.Release|x64.Build.0 = Release|Any CPU
		{1C2EBF55-8713-46B3-86BD-4C0584DDDD93}.Release|x86.ActiveCfg = Release|Any CPU
		{1C2EBF55-8713-46B3-86BD-4C0584DDDD93}.Release|x86.Build.0 = Release|Any CPU
		{29E004BD-E7E9-4BEC-B29B-96FB152F358D}.Debug|Any CPU.ActiveCfg = Debug|Any CPU
		{29E004BD-E7E9-4BEC-B29B-96FB152F358D}.Debug|Any CPU.Build.0 = Debug|Any CPU
		{29E004BD-E7E9-4BEC-B29B-96FB152F358D}.Debug|x64.ActiveCfg = Debug|Any CPU
		{29E004BD-E7E9-4BEC-B29B-96FB152F358D}.Debug|x64.Build.0 = Debug|Any CPU
		{29E004BD-E7E9-4BEC-B29B-96FB152F358D}.Debug|x86.ActiveCfg = Debug|Any CPU
		{29E004BD-E7E9-4BEC-B29B-96FB152F358D}.Debug|x86.Build.0 = Debug|Any CPU
		{29E004BD-E7E9-4BEC-B29B-96FB152F358D}.Release|Any CPU.ActiveCfg = Release|Any CPU
		{29E004BD-E7E9-4BEC-B29B-96FB152F358D}.Release|Any CPU.Build.0 = Release|Any CPU
		{29E004BD-E7E9-4BEC-B29B-96FB152F358D}.Release|x64.ActiveCfg = Release|Any CPU
		{29E004BD-E7E9-4BEC-B29B-96FB152F358D}.Release|x64.Build.0 = Release|Any CPU
		{29E004BD-E7E9-4BEC-B29B-96FB152F358D}.Release|x86.ActiveCfg = Release|Any CPU
		{29E004BD-E7E9-4BEC-B29B-96FB152F358D}.Release|x86.Build.0 = Release|Any CPU
		{69ECE169-49EC-427A-B7F6-AB83F21922E4}.Debug|Any CPU.ActiveCfg = Debug|Any CPU
		{69ECE169-49EC-427A-B7F6-AB83F21922E4}.Debug|Any CPU.Build.0 = Debug|Any CPU
		{69ECE169-49EC-427A-B7F6-AB83F21922E4}.Debug|x64.ActiveCfg = Debug|Any CPU
		{69ECE169-49EC-427A-B7F6-AB83F21922E4}.Debug|x64.Build.0 = Debug|Any CPU
		{69ECE169-49EC-427A-B7F6-AB83F21922E4}.Debug|x86.ActiveCfg = Debug|Any CPU
		{69ECE169-49EC-427A-B7F6-AB83F21922E4}.Debug|x86.Build.0 = Debug|Any CPU
		{69ECE169-49EC-427A-B7F6-AB83F21922E4}.Release|Any CPU.ActiveCfg = Release|Any CPU
		{69ECE169-49EC-427A-B7F6-AB83F21922E4}.Release|Any CPU.Build.0 = Release|Any CPU
		{69ECE169-49EC-427A-B7F6-AB83F21922E4}.Release|x64.ActiveCfg = Release|Any CPU
		{69ECE169-49EC-427A-B7F6-AB83F21922E4}.Release|x64.Build.0 = Release|Any CPU
		{69ECE169-49EC-427A-B7F6-AB83F21922E4}.Release|x86.ActiveCfg = Release|Any CPU
		{69ECE169-49EC-427A-B7F6-AB83F21922E4}.Release|x86.Build.0 = Release|Any CPU
		{970C9493-DD26-4C20-B9DD-6D9A158917DB}.Debug|Any CPU.ActiveCfg = Debug|Any CPU
		{970C9493-DD26-4C20-B9DD-6D9A158917DB}.Debug|Any CPU.Build.0 = Debug|Any CPU
		{970C9493-DD26-4C20-B9DD-6D9A158917DB}.Debug|x64.ActiveCfg = Debug|Any CPU
		{970C9493-DD26-4C20-B9DD-6D9A158917DB}.Debug|x64.Build.0 = Debug|Any CPU
		{970C9493-DD26-4C20-B9DD-6D9A158917DB}.Debug|x86.ActiveCfg = Debug|Any CPU
		{970C9493-DD26-4C20-B9DD-6D9A158917DB}.Debug|x86.Build.0 = Debug|Any CPU
		{970C9493-DD26-4C20-B9DD-6D9A158917DB}.Release|Any CPU.ActiveCfg = Release|Any CPU
		{970C9493-DD26-4C20-B9DD-6D9A158917DB}.Release|Any CPU.Build.0 = Release|Any CPU
		{970C9493-DD26-4C20-B9DD-6D9A158917DB}.Release|x64.ActiveCfg = Release|Any CPU
		{970C9493-DD26-4C20-B9DD-6D9A158917DB}.Release|x64.Build.0 = Release|Any CPU
		{970C9493-DD26-4C20-B9DD-6D9A158917DB}.Release|x86.ActiveCfg = Release|Any CPU
		{970C9493-DD26-4C20-B9DD-6D9A158917DB}.Release|x86.Build.0 = Release|Any CPU
		{B8C761C9-F027-4F4E-BC9D-457AFCA2E280}.Debug|Any CPU.ActiveCfg = Debug|Any CPU
		{B8C761C9-F027-4F4E-BC9D-457AFCA2E280}.Debug|Any CPU.Build.0 = Debug|Any CPU
		{B8C761C9-F027-4F4E-BC9D-457AFCA2E280}.Debug|x64.ActiveCfg = Debug|Any CPU
		{B8C761C9-F027-4F4E-BC9D-457AFCA2E280}.Debug|x64.Build.0 = Debug|Any CPU
		{B8C761C9-F027-4F4E-BC9D-457AFCA2E280}.Debug|x86.ActiveCfg = Debug|Any CPU
		{B8C761C9-F027-4F4E-BC9D-457AFCA2E280}.Debug|x86.Build.0 = Debug|Any CPU
		{B8C761C9-F027-4F4E-BC9D-457AFCA2E280}.Release|Any CPU.ActiveCfg = Release|Any CPU
		{B8C761C9-F027-4F4E-BC9D-457AFCA2E280}.Release|Any CPU.Build.0 = Release|Any CPU
		{B8C761C9-F027-4F4E-BC9D-457AFCA2E280}.Release|x64.ActiveCfg = Release|Any CPU
		{B8C761C9-F027-4F4E-BC9D-457AFCA2E280}.Release|x64.Build.0 = Release|Any CPU
		{B8C761C9-F027-4F4E-BC9D-457AFCA2E280}.Release|x86.ActiveCfg = Release|Any CPU
		{B8C761C9-F027-4F4E-BC9D-457AFCA2E280}.Release|x86.Build.0 = Release|Any CPU
	EndGlobalSection
	GlobalSection(SolutionProperties) = preSolution
		HideSolutionNode = FALSE
	EndGlobalSection
	GlobalSection(NestedProjects) = preSolution
		{1C2EBF55-8713-46B3-86BD-4C0584DDDD93} = {827E0CD3-B72D-47B6-A68D-7590B98EB39B}
		{29E004BD-E7E9-4BEC-B29B-96FB152F358D} = {827E0CD3-B72D-47B6-A68D-7590B98EB39B}
		{69ECE169-49EC-427A-B7F6-AB83F21922E4} = {827E0CD3-B72D-47B6-A68D-7590B98EB39B}
		{970C9493-DD26-4C20-B9DD-6D9A158917DB} = {827E0CD3-B72D-47B6-A68D-7590B98EB39B}
		{B8C761C9-F027-4F4E-BC9D-457AFCA2E280} = {827E0CD3-B72D-47B6-A68D-7590B98EB39B}
	EndGlobalSection
EndGlobal
